// !$*UTF8*$!
{
	archiveVersion = 1;
	classes = {
	};
	objectVersion = 50;
	objects = {

/* Begin PBXBuildFile section */
		9E0D6744228B1DD000ECD993 /* AppDelegate.swift in Sources */ = {isa = PBXBuildFile; fileRef = 9E0D6743228B1DD000ECD993 /* AppDelegate.swift */; };
		9E0D6746228B1DD000ECD993 /* ViewController.swift in Sources */ = {isa = PBXBuildFile; fileRef = 9E0D6745228B1DD000ECD993 /* ViewController.swift */; };
		9E0D6749228B1DD000ECD993 /* Main.storyboard in Resources */ = {isa = PBXBuildFile; fileRef = 9E0D6747228B1DD000ECD993 /* Main.storyboard */; };
		9E0D674B228B1DD100ECD993 /* Assets.xcassets in Resources */ = {isa = PBXBuildFile; fileRef = 9E0D674A228B1DD100ECD993 /* Assets.xcassets */; };
		9E0D674E228B1DD100ECD993 /* LaunchScreen.storyboard in Resources */ = {isa = PBXBuildFile; fileRef = 9E0D674C228B1DD100ECD993 /* LaunchScreen.storyboard */; };
		9E0D6759228B1DD200ECD993 /* FlickerAppTests.swift in Sources */ = {isa = PBXBuildFile; fileRef = 9E0D6758228B1DD200ECD993 /* FlickerAppTests.swift */; };
		9E0D6764228B1DD200ECD993 /* FlickerAppUITests.swift in Sources */ = {isa = PBXBuildFile; fileRef = 9E0D6763228B1DD200ECD993 /* FlickerAppUITests.swift */; };
		9EA98BB7228E8AA80042CA37 /* viewControllerNetwork.swift in Sources */ = {isa = PBXBuildFile; fileRef = 9EA98BB6228E8AA80042CA37 /* viewControllerNetwork.swift */; };
		9EBA3D62228DB1BE000049CC /* imageManager.swift in Sources */ = {isa = PBXBuildFile; fileRef = 9EBA3D61228DB1BE000049CC /* imageManager.swift */; };
		9EBB2C0A228E920A00CE36DC /* viewControllerDelegate.swift in Sources */ = {isa = PBXBuildFile; fileRef = 9EBB2C09228E920A00CE36DC /* viewControllerDelegate.swift */; };
		9ED1BCA0228B210800DB985E /* imageCell.swift in Sources */ = {isa = PBXBuildFile; fileRef = 9ED1BC9E228B210800DB985E /* imageCell.swift */; };
		9ED1BCA1228B210800DB985E /* imageCell.xib in Resources */ = {isa = PBXBuildFile; fileRef = 9ED1BC9F228B210800DB985E /* imageCell.xib */; };
		9ED1BCA3228B321200DB985E /* photoModel.swift in Sources */ = {isa = PBXBuildFile; fileRef = 9ED1BCA2228B321200DB985E /* photoModel.swift */; };
		9ED1BCA5228B330500DB985E /* flickerNetwork.swift in Sources */ = {isa = PBXBuildFile; fileRef = 9ED1BCA4228B330500DB985E /* flickerNetwork.swift */; };
		9ED1BCA7228B368A00DB985E /* helper.swift in Sources */ = {isa = PBXBuildFile; fileRef = 9ED1BCA6228B368A00DB985E /* helper.swift */; };
		9ED1BCAA228B43EF00DB985E /* CustomFooterView.swift in Sources */ = {isa = PBXBuildFile; fileRef = 9ED1BCA8228B43EF00DB985E /* CustomFooterView.swift */; };
		9ED1BCAB228B43EF00DB985E /* CustomFooterView.xib in Resources */ = {isa = PBXBuildFile; fileRef = 9ED1BCA9228B43EF00DB985E /* CustomFooterView.xib */; };
/* End PBXBuildFile section */

/* Begin PBXContainerItemProxy section */
		9E0D6755228B1DD200ECD993 /* PBXContainerItemProxy */ = {
			isa = PBXContainerItemProxy;
			containerPortal = 9E0D6738228B1DD000ECD993 /* Project object */;
			proxyType = 1;
			remoteGlobalIDString = 9E0D673F228B1DD000ECD993;
			remoteInfo = FlickerApp;
		};
		9E0D6760228B1DD200ECD993 /* PBXContainerItemProxy */ = {
			isa = PBXContainerItemProxy;
			containerPortal = 9E0D6738228B1DD000ECD993 /* Project object */;
			proxyType = 1;
			remoteGlobalIDString = 9E0D673F228B1DD000ECD993;
			remoteInfo = FlickerApp;
		};
/* End PBXContainerItemProxy section */

/* Begin PBXFileReference section */
		9E0D6740228B1DD000ECD993 /* FlickerApp.app */ = {isa = PBXFileReference; explicitFileType = wrapper.application; includeInIndex = 0; path = FlickerApp.app; sourceTree = BUILT_PRODUCTS_DIR; };
		9E0D6743228B1DD000ECD993 /* AppDelegate.swift */ = {isa = PBXFileReference; lastKnownFileType = sourcecode.swift; path = AppDelegate.swift; sourceTree = "<group>"; };
		9E0D6745228B1DD000ECD993 /* ViewController.swift */ = {isa = PBXFileReference; lastKnownFileType = sourcecode.swift; path = ViewController.swift; sourceTree = "<group>"; };
		9E0D6748228B1DD000ECD993 /* Base */ = {isa = PBXFileReference; lastKnownFileType = file.storyboard; name = Base; path = Base.lproj/Main.storyboard; sourceTree = "<group>"; };
		9E0D674A228B1DD100ECD993 /* Assets.xcassets */ = {isa = PBXFileReference; lastKnownFileType = folder.assetcatalog; path = Assets.xcassets; sourceTree = "<group>"; };
		9E0D674D228B1DD100ECD993 /* Base */ = {isa = PBXFileReference; lastKnownFileType = file.storyboard; name = Base; path = Base.lproj/LaunchScreen.storyboard; sourceTree = "<group>"; };
		9E0D674F228B1DD100ECD993 /* Info.plist */ = {isa = PBXFileReference; lastKnownFileType = text.plist.xml; path = Info.plist; sourceTree = "<group>"; };
		9E0D6754228B1DD200ECD993 /* FlickerAppTests.xctest */ = {isa = PBXFileReference; explicitFileType = wrapper.cfbundle; includeInIndex = 0; path = FlickerAppTests.xctest; sourceTree = BUILT_PRODUCTS_DIR; };
		9E0D6758228B1DD200ECD993 /* FlickerAppTests.swift */ = {isa = PBXFileReference; lastKnownFileType = sourcecode.swift; path = FlickerAppTests.swift; sourceTree = "<group>"; };
		9E0D675A228B1DD200ECD993 /* Info.plist */ = {isa = PBXFileReference; lastKnownFileType = text.plist.xml; path = Info.plist; sourceTree = "<group>"; };
		9E0D675F228B1DD200ECD993 /* FlickerAppUITests.xctest */ = {isa = PBXFileReference; explicitFileType = wrapper.cfbundle; includeInIndex = 0; path = FlickerAppUITests.xctest; sourceTree = BUILT_PRODUCTS_DIR; };
		9E0D6763228B1DD200ECD993 /* FlickerAppUITests.swift */ = {isa = PBXFileReference; lastKnownFileType = sourcecode.swift; path = FlickerAppUITests.swift; sourceTree = "<group>"; };
		9E0D6765228B1DD200ECD993 /* Info.plist */ = {isa = PBXFileReference; lastKnownFileType = text.plist.xml; path = Info.plist; sourceTree = "<group>"; };
		9EA98BB6228E8AA80042CA37 /* viewControllerNetwork.swift */ = {isa = PBXFileReference; lastKnownFileType = sourcecode.swift; path = viewControllerNetwork.swift; sourceTree = "<group>"; };
		9EBA3D61228DB1BE000049CC /* imageManager.swift */ = {isa = PBXFileReference; lastKnownFileType = sourcecode.swift; path = imageManager.swift; sourceTree = "<group>"; };
		9EBB2C09228E920A00CE36DC /* viewControllerDelegate.swift */ = {isa = PBXFileReference; lastKnownFileType = sourcecode.swift; path = viewControllerDelegate.swift; sourceTree = "<group>"; };
		9ED1BC9E228B210800DB985E /* imageCell.swift */ = {isa = PBXFileReference; lastKnownFileType = sourcecode.swift; path = imageCell.swift; sourceTree = "<group>"; };
		9ED1BC9F228B210800DB985E /* imageCell.xib */ = {isa = PBXFileReference; lastKnownFileType = file.xib; path = imageCell.xib; sourceTree = "<group>"; };
		9ED1BCA2228B321200DB985E /* photoModel.swift */ = {isa = PBXFileReference; lastKnownFileType = sourcecode.swift; path = photoModel.swift; sourceTree = "<group>"; };
		9ED1BCA4228B330500DB985E /* flickerNetwork.swift */ = {isa = PBXFileReference; lastKnownFileType = sourcecode.swift; path = flickerNetwork.swift; sourceTree = "<group>"; };
		9ED1BCA6228B368A00DB985E /* helper.swift */ = {isa = PBXFileReference; lastKnownFileType = sourcecode.swift; path = helper.swift; sourceTree = "<group>"; };
		9ED1BCA8228B43EF00DB985E /* CustomFooterView.swift */ = {isa = PBXFileReference; lastKnownFileType = sourcecode.swift; path = CustomFooterView.swift; sourceTree = "<group>"; };
		9ED1BCA9228B43EF00DB985E /* CustomFooterView.xib */ = {isa = PBXFileReference; lastKnownFileType = file.xib; path = CustomFooterView.xib; sourceTree = "<group>"; };
/* End PBXFileReference section */

/* Begin PBXFrameworksBuildPhase section */
		9E0D673D228B1DD000ECD993 /* Frameworks */ = {
			isa = PBXFrameworksBuildPhase;
			buildActionMask = 2147483647;
			files = (
			);
			runOnlyForDeploymentPostprocessing = 0;
		};
		9E0D6751228B1DD200ECD993 /* Frameworks */ = {
			isa = PBXFrameworksBuildPhase;
			buildActionMask = 2147483647;
			files = (
			);
			runOnlyForDeploymentPostprocessing = 0;
		};
		9E0D675C228B1DD200ECD993 /* Frameworks */ = {
			isa = PBXFrameworksBuildPhase;
			buildActionMask = 2147483647;
			files = (
			);
			runOnlyForDeploymentPostprocessing = 0;
		};
/* End PBXFrameworksBuildPhase section */

/* Begin PBXGroup section */
		9E0D6737228B1DD000ECD993 = {
			isa = PBXGroup;
			children = (
				9E0D6742228B1DD000ECD993 /* FlickerApp */,
				9E0D6757228B1DD200ECD993 /* FlickerAppTests */,
				9E0D6762228B1DD200ECD993 /* FlickerAppUITests */,
				9E0D6741228B1DD000ECD993 /* Products */,
			);
			sourceTree = "<group>";
		};
		9E0D6741228B1DD000ECD993 /* Products */ = {
			isa = PBXGroup;
			children = (
				9E0D6740228B1DD000ECD993 /* FlickerApp.app */,
				9E0D6754228B1DD200ECD993 /* FlickerAppTests.xctest */,
				9E0D675F228B1DD200ECD993 /* FlickerAppUITests.xctest */,
			);
			name = Products;
			sourceTree = "<group>";
		};
		9E0D6742228B1DD000ECD993 /* FlickerApp */ = {
			isa = PBXGroup;
			children = (
				9EBA3D60228D98B1000049CC /* Common */,
				9EBA3D5F228D9894000049CC /* Controller */,
				9EBA3D5E228D9867000049CC /* view */,
				9EBA3D5D228D9859000049CC /* model */,
				9E0D6743228B1DD000ECD993 /* AppDelegate.swift */,
				9E0D674A228B1DD100ECD993 /* Assets.xcassets */,
				9E0D674F228B1DD100ECD993 /* Info.plist */,
			);
			path = FlickerApp;
			sourceTree = "<group>";
		};
		9E0D6757228B1DD200ECD993 /* FlickerAppTests */ = {
			isa = PBXGroup;
			children = (
				9E0D6758228B1DD200ECD993 /* FlickerAppTests.swift */,
				9E0D675A228B1DD200ECD993 /* Info.plist */,
			);
			path = FlickerAppTests;
			sourceTree = "<group>";
		};
		9E0D6762228B1DD200ECD993 /* FlickerAppUITests */ = {
			isa = PBXGroup;
			children = (
				9E0D6763228B1DD200ECD993 /* FlickerAppUITests.swift */,
				9E0D6765228B1DD200ECD993 /* Info.plist */,
			);
			path = FlickerAppUITests;
			sourceTree = "<group>";
		};
		9EBA3D5D228D9859000049CC /* model */ = {
			isa = PBXGroup;
			children = (
				9ED1BCA2228B321200DB985E /* photoModel.swift */,
			);
			path = model;
			sourceTree = "<group>";
		};
		9EBA3D5E228D9867000049CC /* view */ = {
			isa = PBXGroup;
			children = (
				9E0D6747228B1DD000ECD993 /* Main.storyboard */,
				9ED1BCA8228B43EF00DB985E /* CustomFooterView.swift */,
				9ED1BCA9228B43EF00DB985E /* CustomFooterView.xib */,
				9ED1BC9E228B210800DB985E /* imageCell.swift */,
				9ED1BC9F228B210800DB985E /* imageCell.xib */,
				9E0D674C228B1DD100ECD993 /* LaunchScreen.storyboard */,
			);
			path = view;
			sourceTree = "<group>";
		};
		9EBA3D5F228D9894000049CC /* Controller */ = {
			isa = PBXGroup;
			children = (
				9E0D6745228B1DD000ECD993 /* ViewController.swift */,
				9EA98BB6228E8AA80042CA37 /* viewControllerNetwork.swift */,
				9EBB2C09228E920A00CE36DC /* viewControllerDelegate.swift */,
			);
			path = Controller;
			sourceTree = "<group>";
		};
		9EBA3D60228D98B1000049CC /* Common */ = {
			isa = PBXGroup;
			children = (
				9ED1BCA6228B368A00DB985E /* helper.swift */,
				9ED1BCA4228B330500DB985E /* flickerNetwork.swift */,
				9EBA3D61228DB1BE000049CC /* imageManager.swift */,
			);
			path = Common;
			sourceTree = "<group>";
		};
/* End PBXGroup section */

/* Begin PBXNativeTarget section */
		9E0D673F228B1DD000ECD993 /* FlickerApp */ = {
			isa = PBXNativeTarget;
			buildConfigurationList = 9E0D6768228B1DD200ECD993 /* Build configuration list for PBXNativeTarget "FlickerApp" */;
			buildPhases = (
				9E0D673C228B1DD000ECD993 /* Sources */,
				9E0D673D228B1DD000ECD993 /* Frameworks */,
				9E0D673E228B1DD000ECD993 /* Resources */,
			);
			buildRules = (
			);
			dependencies = (
			);
			name = FlickerApp;
			productName = FlickerApp;
			productReference = 9E0D6740228B1DD000ECD993 /* FlickerApp.app */;
			productType = "com.apple.product-type.application";
		};
		9E0D6753228B1DD200ECD993 /* FlickerAppTests */ = {
			isa = PBXNativeTarget;
			buildConfigurationList = 9E0D676B228B1DD200ECD993 /* Build configuration list for PBXNativeTarget "FlickerAppTests" */;
			buildPhases = (
				9E0D6750228B1DD200ECD993 /* Sources */,
				9E0D6751228B1DD200ECD993 /* Frameworks */,
				9E0D6752228B1DD200ECD993 /* Resources */,
			);
			buildRules = (
			);
			dependencies = (
				9E0D6756228B1DD200ECD993 /* PBXTargetDependency */,
			);
			name = FlickerAppTests;
			productName = FlickerAppTests;
			productReference = 9E0D6754228B1DD200ECD993 /* FlickerAppTests.xctest */;
			productType = "com.apple.product-type.bundle.unit-test";
		};
		9E0D675E228B1DD200ECD993 /* FlickerAppUITests */ = {
			isa = PBXNativeTarget;
			buildConfigurationList = 9E0D676E228B1DD200ECD993 /* Build configuration list for PBXNativeTarget "FlickerAppUITests" */;
			buildPhases = (
				9E0D675B228B1DD200ECD993 /* Sources */,
				9E0D675C228B1DD200ECD993 /* Frameworks */,
				9E0D675D228B1DD200ECD993 /* Resources */,
			);
			buildRules = (
			);
			dependencies = (
				9E0D6761228B1DD200ECD993 /* PBXTargetDependency */,
			);
			name = FlickerAppUITests;
			productName = FlickerAppUITests;
			productReference = 9E0D675F228B1DD200ECD993 /* FlickerAppUITests.xctest */;
			productType = "com.apple.product-type.bundle.ui-testing";
		};
/* End PBXNativeTarget section */

/* Begin PBXProject section */
		9E0D6738228B1DD000ECD993 /* Project object */ = {
			isa = PBXProject;
			attributes = {
				LastSwiftUpdateCheck = 1010;
				LastUpgradeCheck = 1010;
				ORGANIZATIONNAME = "Pritesh Khandelwal";
				TargetAttributes = {
					9E0D673F228B1DD000ECD993 = {
						CreatedOnToolsVersion = 10.1;
					};
					9E0D6753228B1DD200ECD993 = {
						CreatedOnToolsVersion = 10.1;
						TestTargetID = 9E0D673F228B1DD000ECD993;
					};
					9E0D675E228B1DD200ECD993 = {
						CreatedOnToolsVersion = 10.1;
						TestTargetID = 9E0D673F228B1DD000ECD993;
					};
				};
			};
			buildConfigurationList = 9E0D673B228B1DD000ECD993 /* Build configuration list for PBXProject "FlickerApp" */;
			compatibilityVersion = "Xcode 9.3";
			developmentRegion = en;
			hasScannedForEncodings = 0;
			knownRegions = (
				en,
				Base,
			);
			mainGroup = 9E0D6737228B1DD000ECD993;
			productRefGroup = 9E0D6741228B1DD000ECD993 /* Products */;
			projectDirPath = "";
			projectRoot = "";
			targets = (
				9E0D673F228B1DD000ECD993 /* FlickerApp */,
				9E0D6753228B1DD200ECD993 /* FlickerAppTests */,
				9E0D675E228B1DD200ECD993 /* FlickerAppUITests */,
			);
		};
/* End PBXProject section */

/* Begin PBXResourcesBuildPhase section */
		9E0D673E228B1DD000ECD993 /* Resources */ = {
			isa = PBXResourcesBuildPhase;
			buildActionMask = 2147483647;
			files = (
				9E0D674E228B1DD100ECD993 /* LaunchScreen.storyboard in Resources */,
				9ED1BCA1228B210800DB985E /* imageCell.xib in Resources */,
				9E0D674B228B1DD100ECD993 /* Assets.xcassets in Resources */,
				9ED1BCAB228B43EF00DB985E /* CustomFooterView.xib in Resources */,
				9E0D6749228B1DD000ECD993 /* Main.storyboard in Resources */,
			);
			runOnlyForDeploymentPostprocessing = 0;
		};
		9E0D6752228B1DD200ECD993 /* Resources */ = {
			isa = PBXResourcesBuildPhase;
			buildActionMask = 2147483647;
			files = (
			);
			runOnlyForDeploymentPostprocessing = 0;
		};
		9E0D675D228B1DD200ECD993 /* Resources */ = {
			isa = PBXResourcesBuildPhase;
			buildActionMask = 2147483647;
			files = (
			);
			runOnlyForDeploymentPostprocessing = 0;
		};
/* End PBXResourcesBuildPhase section */

/* Begin PBXSourcesBuildPhase section */
		9E0D673C228B1DD000ECD993 /* Sources */ = {
			isa = PBXSourcesBuildPhase;
			buildActionMask = 2147483647;
			files = (
				9EBA3D62228DB1BE000049CC /* imageManager.swift in Sources */,
				9ED1BCAA228B43EF00DB985E /* CustomFooterView.swift in Sources */,
				9EA98BB7228E8AA80042CA37 /* viewControllerNetwork.swift in Sources */,
				9ED1BCA5228B330500DB985E /* flickerNetwork.swift in Sources */,
				9E0D6746228B1DD000ECD993 /* ViewController.swift in Sources */,
				9E0D6744228B1DD000ECD993 /* AppDelegate.swift in Sources */,
				9ED1BCA7228B368A00DB985E /* helper.swift in Sources */,
				9EBB2C0A228E920A00CE36DC /* viewControllerDelegate.swift in Sources */,
				9ED1BCA3228B321200DB985E /* photoModel.swift in Sources */,
				9ED1BCA0228B210800DB985E /* imageCell.swift in Sources */,
			);
			runOnlyForDeploymentPostprocessing = 0;
		};
		9E0D6750228B1DD200ECD993 /* Sources */ = {
			isa = PBXSourcesBuildPhase;
			buildActionMask = 2147483647;
			files = (
				9E0D6759228B1DD200ECD993 /* FlickerAppTests.swift in Sources */,
			);
			runOnlyForDeploymentPostprocessing = 0;
		};
		9E0D675B228B1DD200ECD993 /* Sources */ = {
			isa = PBXSourcesBuildPhase;
			buildActionMask = 2147483647;
			files = (
				9E0D6764228B1DD200ECD993 /* FlickerAppUITests.swift in Sources */,
			);
			runOnlyForDeploymentPostprocessing = 0;
		};
/* End PBXSourcesBuildPhase section */

/* Begin PBXTargetDependency section */
		9E0D6756228B1DD200ECD993 /* PBXTargetDependency */ = {
			isa = PBXTargetDependency;
			target = 9E0D673F228B1DD000ECD993 /* FlickerApp */;
			targetProxy = 9E0D6755228B1DD200ECD993 /* PBXContainerItemProxy */;
		};
		9E0D6761228B1DD200ECD993 /* PBXTargetDependency */ = {
			isa = PBXTargetDependency;
			target = 9E0D673F228B1DD000ECD993 /* FlickerApp */;
			targetProxy = 9E0D6760228B1DD200ECD993 /* PBXContainerItemProxy */;
		};
/* End PBXTargetDependency section */

/* Begin PBXVariantGroup section */
		9E0D6747228B1DD000ECD993 /* Main.storyboard */ = {
			isa = PBXVariantGroup;
			children = (
				9E0D6748228B1DD000ECD993 /* Base */,
			);
			name = Main.storyboard;
			sourceTree = "<group>";
		};
		9E0D674C228B1DD100ECD993 /* LaunchScreen.storyboard */ = {
			isa = PBXVariantGroup;
			children = (
				9E0D674D228B1DD100ECD993 /* Base */,
			);
			name = LaunchScreen.storyboard;
			sourceTree = "<group>";
		};
/* End PBXVariantGroup section */

/* Begin XCBuildConfiguration section */
		9E0D6766228B1DD200ECD993 /* Debug */ = {
			isa = XCBuildConfiguration;
			buildSettings = {
				ALWAYS_SEARCH_USER_PATHS = NO;
				CLANG_ANALYZER_NONNULL = YES;
				CLANG_ANALYZER_NUMBER_OBJECT_CONVERSION = YES_AGGRESSIVE;
				CLANG_CXX_LANGUAGE_STANDARD = "gnu++14";
				CLANG_CXX_LIBRARY = "libc++";
				CLANG_ENABLE_MODULES = YES;
				CLANG_ENABLE_OBJC_ARC = YES;
				CLANG_ENABLE_OBJC_WEAK = YES;
				CLANG_WARN_BLOCK_CAPTURE_AUTORELEASING = YES;
				CLANG_WARN_BOOL_CONVERSION = YES;
				CLANG_WARN_COMMA = YES;
				CLANG_WARN_CONSTANT_CONVERSION = YES;
				CLANG_WARN_DEPRECATED_OBJC_IMPLEMENTATIONS = YES;
				CLANG_WARN_DIRECT_OBJC_ISA_USAGE = YES_ERROR;
				CLANG_WARN_DOCUMENTATION_COMMENTS = YES;
				CLANG_WARN_EMPTY_BODY = YES;
				CLANG_WARN_ENUM_CONVERSION = YES;
				CLANG_WARN_INFINITE_RECURSION = YES;
				CLANG_WARN_INT_CONVERSION = YES;
				CLANG_WARN_NON_LITERAL_NULL_CONVERSION = YES;
				CLANG_WARN_OBJC_IMPLICIT_RETAIN_SELF = YES;
				CLANG_WARN_OBJC_LITERAL_CONVERSION = YES;
				CLANG_WARN_OBJC_ROOT_CLASS = YES_ERROR;
				CLANG_WARN_RANGE_LOOP_ANALYSIS = YES;
				CLANG_WARN_STRICT_PROTOTYPES = YES;
				CLANG_WARN_SUSPICIOUS_MOVE = YES;
				CLANG_WARN_UNGUARDED_AVAILABILITY = YES_AGGRESSIVE;
				CLANG_WARN_UNREACHABLE_CODE = YES;
				CLANG_WARN__DUPLICATE_METHOD_MATCH = YES;
				CODE_SIGN_IDENTITY = "iPhone Developer";
				COPY_PHASE_STRIP = NO;
				DEBUG_INFORMATION_FORMAT = dwarf;
				ENABLE_STRICT_OBJC_MSGSEND = YES;
				ENABLE_TESTABILITY = YES;
				GCC_C_LANGUAGE_STANDARD = gnu11;
				GCC_DYNAMIC_NO_PIC = NO;
				GCC_NO_COMMON_BLOCKS = YES;
				GCC_OPTIMIZATION_LEVEL = 0;
				GCC_PREPROCESSOR_DEFINITIONS = (
					"DEBUG=1",
					"$(inherited)",
				);
				GCC_WARN_64_TO_32_BIT_CONVERSION = YES;
				GCC_WARN_ABOUT_RETURN_TYPE = YES_ERROR;
				GCC_WARN_UNDECLARED_SELECTOR = YES;
				GCC_WARN_UNINITIALIZED_AUTOS = YES_AGGRESSIVE;
				GCC_WARN_UNUSED_FUNCTION = YES;
				GCC_WARN_UNUSED_VARIABLE = YES;
				IPHONEOS_DEPLOYMENT_TARGET = 12.1;
				MTL_ENABLE_DEBUG_INFO = INCLUDE_SOURCE;
				MTL_FAST_MATH = YES;
				ONLY_ACTIVE_ARCH = YES;
				SDKROOT = iphoneos;
				SWIFT_ACTIVE_COMPILATION_CONDITIONS = DEBUG;
				SWIFT_OPTIMIZATION_LEVEL = "-Onone";
			};
			name = Debug;
		};
		9E0D6767228B1DD200ECD993 /* Release */ = {
			isa = XCBuildConfiguration;
			buildSettings = {
				ALWAYS_SEARCH_USER_PATHS = NO;
				CLANG_ANALYZER_NONNULL = YES;
				CLANG_ANALYZER_NUMBER_OBJECT_CONVERSION = YES_AGGRESSIVE;
				CLANG_CXX_LANGUAGE_STANDARD = "gnu++14";
				CLANG_CXX_LIBRARY = "libc++";
				CLANG_ENABLE_MODULES = YES;
				CLANG_ENABLE_OBJC_ARC = YES;
				CLANG_ENABLE_OBJC_WEAK = YES;
				CLANG_WARN_BLOCK_CAPTURE_AUTORELEASING = YES;
				CLANG_WARN_BOOL_CONVERSION = YES;
				CLANG_WARN_COMMA = YES;
				CLANG_WARN_CONSTANT_CONVERSION = YES;
				CLANG_WARN_DEPRECATED_OBJC_IMPLEMENTATIONS = YES;
				CLANG_WARN_DIRECT_OBJC_ISA_USAGE = YES_ERROR;
				CLANG_WARN_DOCUMENTATION_COMMENTS = YES;
				CLANG_WARN_EMPTY_BODY = YES;
				CLANG_WARN_ENUM_CONVERSION = YES;
				CLANG_WARN_INFINITE_RECURSION = YES;
				CLANG_WARN_INT_CONVERSION = YES;
				CLANG_WARN_NON_LITERAL_NULL_CONVERSION = YES;
				CLANG_WARN_OBJC_IMPLICIT_RETAIN_SELF = YES;
				CLANG_WARN_OBJC_LITERAL_CONVERSION = YES;
				CLANG_WARN_OBJC_ROOT_CLASS = YES_ERROR;
				CLANG_WARN_RANGE_LOOP_ANALYSIS = YES;
				CLANG_WARN_STRICT_PROTOTYPES = YES;
				CLANG_WARN_SUSPICIOUS_MOVE = YES;
				CLANG_WARN_UNGUARDED_AVAILABILITY = YES_AGGRESSIVE;
				CLANG_WARN_UNREACHABLE_CODE = YES;
				CLANG_WARN__DUPLICATE_METHOD_MATCH = YES;
				CODE_SIGN_IDENTITY = "iPhone Developer";
				COPY_PHASE_STRIP = NO;
				DEBUG_INFORMATION_FORMAT = "dwarf-with-dsym";
				ENABLE_NS_ASSERTIONS = NO;
				ENABLE_STRICT_OBJC_MSGSEND = YES;
				GCC_C_LANGUAGE_STANDARD = gnu11;
				GCC_NO_COMMON_BLOCKS = YES;
				GCC_WARN_64_TO_32_BIT_CONVERSION = YES;
				GCC_WARN_ABOUT_RETURN_TYPE = YES_ERROR;
				GCC_WARN_UNDECLARED_SELECTOR = YES;
				GCC_WARN_UNINITIALIZED_AUTOS = YES_AGGRESSIVE;
				GCC_WARN_UNUSED_FUNCTION = YES;
				GCC_WARN_UNUSED_VARIABLE = YES;
				IPHONEOS_DEPLOYMENT_TARGET = 12.1;
				MTL_ENABLE_DEBUG_INFO = NO;
				MTL_FAST_MATH = YES;
				SDKROOT = iphoneos;
				SWIFT_COMPILATION_MODE = wholemodule;
				SWIFT_OPTIMIZATION_LEVEL = "-O";
				VALIDATE_PRODUCT = YES;
			};
			name = Release;
		};
		9E0D6769228B1DD200ECD993 /* Debug */ = {
			isa = XCBuildConfiguration;
			buildSettings = {
				ASSETCATALOG_COMPILER_APPICON_NAME = AppIcon;
				CODE_SIGN_STYLE = Automatic;
				DEVELOPMENT_TEAM = QMF37ZY643;
				INFOPLIST_FILE = FlickerApp/Info.plist;
				IPHONEOS_DEPLOYMENT_TARGET = 11.0;
				LD_RUNPATH_SEARCH_PATHS = (
					"$(inherited)",
					"@executable_path/Frameworks",
				);
				PRODUCT_BUNDLE_IDENTIFIER = cp.pitesh.FlickerApp;
				PRODUCT_NAME = "$(TARGET_NAME)";
				SWIFT_VERSION = 4.2;
				TARGETED_DEVICE_FAMILY = "1,2";
			};
			name = Debug;
		};
		9E0D676A228B1DD200ECD993 /* Release */ = {
			isa = XCBuildConfiguration;
			buildSettings = {
				ASSETCATALOG_COMPILER_APPICON_NAME = AppIcon;
				CODE_SIGN_STYLE = Automatic;
				DEVELOPMENT_TEAM = QMF37ZY643;
				INFOPLIST_FILE = FlickerApp/Info.plist;
				IPHONEOS_DEPLOYMENT_TARGET = 11.0;
				LD_RUNPATH_SEARCH_PATHS = (
					"$(inherited)",
					"@executable_path/Frameworks",
				);
				PRODUCT_BUNDLE_IDENTIFIER = cp.pitesh.FlickerApp;
				PRODUCT_NAME = "$(TARGET_NAME)";
				SWIFT_VERSION = 4.2;
				TARGETED_DEVICE_FAMILY = "1,2";
			};
			name = Release;
		};
		9E0D676C228B1DD200ECD993 /* Debug */ = {
			isa = XCBuildConfiguration;
			buildSettings = {
				ALWAYS_EMBED_SWIFT_STANDARD_LIBRARIES = YES;
				BUNDLE_LOADER = "$(TEST_HOST)";
				CODE_SIGN_STYLE = Automatic;
				INFOPLIST_FILE = FlickerAppTests/Info.plist;
				LD_RUNPATH_SEARCH_PATHS = (
					"$(inherited)",
					"@executable_path/Frameworks",
					"@loader_path/Frameworks",
				);
				PRODUCT_BUNDLE_IDENTIFIER = cp.pitesh.FlickerAppTests;
				PRODUCT_NAME = "$(TARGET_NAME)";
				SWIFT_VERSION = 4.2;
				TARGETED_DEVICE_FAMILY = "1,2";
				TEST_HOST = "$(BUILT_PRODUCTS_DIR)/FlickerApp.app/FlickerApp";
			};
			name = Debug;
		};
		9E0D676D228B1DD200ECD993 /* Release */ = {
			isa = XCBuildConfiguration;
			buildSettings = {
				ALWAYS_EMBED_SWIFT_STANDARD_LIBRARIES = YES;
				BUNDLE_LOADER = "$(TEST_HOST)";
				CODE_SIGN_STYLE = Automatic;
				INFOPLIST_FILE = FlickerAppTests/Info.plist;
				LD_RUNPATH_SEARCH_PATHS = (
					"$(inherited)",
					"@executable_path/Frameworks",
					"@loader_path/Frameworks",
				);
				PRODUCT_BUNDLE_IDENTIFIER = cp.pitesh.FlickerAppTests;
				PRODUCT_NAME = "$(TARGET_NAME)";
				SWIFT_VERSION = 4.2;
				TARGETED_DEVICE_FAMILY = "1,2";
				TEST_HOST = "$(BUILT_PRODUCTS_DIR)/FlickerApp.app/FlickerApp";
			};
			name = Release;
		};
		9E0D676F228B1DD200ECD993 /* Debug */ = {
			isa = XCBuildConfiguration;
			buildSettings = {
				ALWAYS_EMBED_SWIFT_STANDARD_LIBRARIES = YES;
				CODE_SIGN_STYLE = Automatic;
				INFOPLIST_FILE = FlickerAppUITests/Info.plist;
				LD_RUNPATH_SEARCH_PATHS = (
					"$(inherited)",
					"@executable_path/Frameworks",
					"@loader_path/Frameworks",
				);
				PRODUCT_BUNDLE_IDENTIFIER = cp.pitesh.FlickerAppUITests;
				PRODUCT_NAME = "$(TARGET_NAME)";
				SWIFT_VERSION = 4.2;
				TARGETED_DEVICE_FAMILY = "1,2";
				TEST_TARGET_NAME = FlickerApp;
			};
			name = Debug;
		};
		9E0D6770228B1DD200ECD993 /* Release */ = {
			isa = XCBuildConfiguration;
			buildSettings = {
				ALWAYS_EMBED_SWIFT_STANDARD_LIBRARIES = YES;
				CODE_SIGN_STYLE = Automatic;
				INFOPLIST_FILE = FlickerAppUITests/Info.plist;
				LD_RUNPATH_SEARCH_PATHS = (
					"$(inherited)",
					"@executable_path/Frameworks",
					"@loader_path/Frameworks",
				);
				PRODUCT_BUNDLE_IDENTIFIER = cp.pitesh.FlickerAppUITests;
				PRODUCT_NAME = "$(TARGET_NAME)";
				SWIFT_VERSION = 4.2;
				TARGETED_DEVICE_FAMILY = "1,2";
				TEST_TARGET_NAME = FlickerApp;
			};
			name = Release;
		};
/* End XCBuildConfiguration section */

/* Begin XCConfigurationList section */
		9E0D673B228B1DD000ECD993 /* Build configuration list for PBXProject "FlickerApp" */ = {
			isa = XCConfigurationList;
			buildConfigurations = (
				9E0D6766228B1DD200ECD993 /* Debug */,
				9E0D6767228B1DD200ECD993 /* Release */,
			);
			defaultConfigurationIsVisible = 0;
			defaultConfigurationName = Release;
		};
		9E0D6768228B1DD200ECD993 /* Build configuration list for PBXNativeTarget "FlickerApp" */ = {
			isa = XCConfigurationList;
			buildConfigurations = (
				9E0D6769228B1DD200ECD993 /* Debug */,
				9E0D676A228B1DD200ECD993 /* Release */,
			);
			defaultConfigurationIsVisible = 0;
			defaultConfigurationName = Release;
		};
		9E0D676B228B1DD200ECD993 /* Build configuration list for PBXNativeTarget "FlickerAppTests" */ = {
			isa = XCConfigurationList;
			buildConfigurations = (
				9E0D676C228B1DD200ECD993 /* Debug */,
				9E0D676D228B1DD200ECD993 /* Release */,
			);
			defaultConfigurationIsVisible = 0;
			defaultConfigurationName = Release;
		};
		9E0D676E228B1DD200ECD993 /* Build configuration list for PBXNativeTarget "FlickerAppUITests" */ = {
			isa = XCConfigurationList;
			buildConfigurations = (
				9E0D676F228B1DD200ECD993 /* Debug */,
				9E0D6770228B1DD200ECD993 /* Release */,
			);
			defaultConfigurationIsVisible = 0;
			defaultConfigurationName = Release;
		};
/* End XCConfigurationList section */
	};
	rootObject = 9E0D6738228B1DD000ECD993 /* Project object */;
}
